PODS:
  - Alamofire (5.9.1)
  - croboxSDK (1.0.32):
    - Alamofire
    - Hue
    - SwiftyJSON
  - Hue (5.0.0)
  - SwiftyJSON (5.0.2)

DEPENDENCIES:
  - croboxSDK (from `../.`)

SPEC REPOS:
  https://github.com/CocoaPods/Specs.git:
    - Alamofire
    - Hue
    - SwiftyJSON

EXTERNAL SOURCES:
  croboxSDK:
    :path: "../."

SPEC CHECKSUMS:
  Alamofire: f36a35757af4587d8e4f4bfa223ad10be2422b8c
  croboxSDK: cb0135e9d558f04097f0d5138e091dffbe4475bf
  Hue: c129cb67be7d093a82bbbc30ce8a96757bf6f37a
  SwiftyJSON: f5b1bf1cd8dd53cd25887ac0eabcfd92301c6a5a

PODFILE CHECKSUM: 486d985593428f34722bef1b34deed4b3dbca5c5

COCOAPODS: 1.16.2
